
Microsoft Visual Studio Solution File, Format Version 12.00
# Visual Studio Version 16
VisualStudioVersion = 16.0.29215.179
MinimumVisualStudioVersion = 10.0.40219.1
Project("{FAE04EC0-301F-11D3-BF4B-00C04F79EFBC}") = "ML2M", "ML2M\ML2M.csproj", "{DA508E8B-1903-48AB-938A-2BB3B7A53452}"
EndProject
Project("{FAE04EC0-301F-11D3-BF4B-00C04F79EFBC}") = "ML2M.Forms", "ML2M.Forms\ML2M.Forms.csproj", "{783CA064-F5FD-4CF0-B8C2-63447CE873ED}"
EndProject
Global
	GlobalSection(SolutionConfigurationPlatforms) = preSolution
		Debug|Any CPU = Debug|Any CPU
		Release|Any CPU = Release|Any CPU
	EndGlobalSection
	GlobalSection(ProjectConfigurationPlatforms) = postSolution
		{DA508E8B-1903-48AB-938A-2BB3B7A53452}.Debug|Any CPU.ActiveCfg = Debug|Any CPU
		{DA508E8B-1903-48AB-938A-2BB3B7A53452}.Debug|Any CPU.Build.0 = Debug|Any CPU
		{DA508E8B-1903-48AB-938A-2BB3B7A53452}.Release|Any CPU.ActiveCfg = Release|Any CPU
		{DA508E8B-1903-48AB-938A-2BB3B7A53452}.Release|Any CPU.Build.0 = Release|Any CPU
		{783CA064-F5FD-4CF0-B8C2-63447CE873ED}.Debug|Any CPU.ActiveCfg = Debug|Any CPU
		{783CA064-F5FD-4CF0-B8C2-63447CE873ED}.Debug|Any CPU.Build.0 = Debug|Any CPU
		{783CA064-F5FD-4CF0-B8C2-63447CE873ED}.Release|Any CPU.ActiveCfg = Release|Any CPU
		{783CA064-F5FD-4CF0-B8C2-63447CE873ED}.Release|Any CPU.Build.0 = Release|Any CPU
	EndGlobalSection
	GlobalSection(SolutionProperties) = preSolution
		HideSolutionNode = FALSE
	EndGlobalSection
	GlobalSection(ExtensibilityGlobals) = postSolution
		SolutionGuid = {2D56AD04-80B6-4E01-9972-015AAB6A2026}
	EndGlobalSection
EndGlobal
